// !$*UTF8*$!
{
	archiveVersion = 1;
	classes = {
	};
	objectVersion = 77;
	objects = {

/* Begin PBXContainerItemProxy section */
		A9F63F9B2CFF1B86005961AF /* PBXContainerItemProxy */ = {
			isa = PBXContainerItemProxy;
			containerPortal = A9F63F7C2CFF1B85005961AF /* Project object */;
			proxyType = 1;
			remoteGlobalIDString = A9F63F832CFF1B85005961AF;
			remoteInfo = ParveenDemo;
		};
		A9F63FA52CFF1B86005961AF /* PBXContainerItemProxy */ = {
			isa = PBXContainerItemProxy;
			containerPortal = A9F63F7C2CFF1B85005961AF /* Project object */;
			proxyType = 1;
			remoteGlobalIDString = A9F63F832CFF1B85005961AF;
			remoteInfo = ParveenDemo;
		};
/* End PBXContainerItemProxy section */

/* Begin PBXFileReference section */
		A9F63F842CFF1B85005961AF /* ParveenDemo.app */ = {isa = PBXFileReference; explicitFileType = wrapper.application; includeInIndex = 0; path = ParveenDemo.app; sourceTree = BUILT_PRODUCTS_DIR; };
		A9F63F9A2CFF1B86005961AF /* ParveenDemoTests.xctest */ = {isa = PBXFileReference; explicitFileType = wrapper.cfbundle; includeInIndex = 0; path = ParveenDemoTests.xctest; sourceTree = BUILT_PRODUCTS_DIR; };
		A9F63FA42CFF1B86005961AF /* ParveenDemoUITests.xctest */ = {isa = PBXFileReference; explicitFileType = wrapper.cfbundle; includeInIndex = 0; path = ParveenDemoUITests.xctest; sourceTree = BUILT_PRODUCTS_DIR; };
/* End PBXFileReference section */

/* Begin PBXFileSystemSynchronizedBuildFileExceptionSet section */
		A9F63FAC2CFF1B86005961AF /* Exceptions for "ParveenDemo" folder in "ParveenDemo" target */ = {
			isa = PBXFileSystemSynchronizedBuildFileExceptionSet;
			membershipExceptions = (
				Info.plist,
			);
			target = A9F63F832CFF1B85005961AF /* ParveenDemo */;
		};
/* End PBXFileSystemSynchronizedBuildFileExceptionSet section */

/* Begin PBXFileSystemSynchronizedRootGroup section */
		A9F63F862CFF1B85005961AF /* ParveenDemo */ = {
			isa = PBXFileSystemSynchronizedRootGroup;
			exceptions = (
				A9F63FAC2CFF1B86005961AF /* Exceptions for "ParveenDemo" folder in "ParveenDemo" target */,
			);
			path = ParveenDemo;
			sourceTree = "<group>";
		};
		A9F63F9D2CFF1B86005961AF /* ParveenDemoTests */ = {
			isa = PBXFileSystemSynchronizedRootGroup;
			path = ParveenDemoTests;
			sourceTree = "<group>";
		};
		A9F63FA72CFF1B86005961AF /* ParveenDemoUITests */ = {
			isa = PBXFileSystemSynchronizedRootGroup;
			path = ParveenDemoUITests;
			sourceTree = "<group>";
		};
/* End PBXFileSystemSynchronizedRootGroup section */

/* Begin PBXFrameworksBuildPhase section */
		A9F63F812CFF1B85005961AF /* Frameworks */ = {
			isa = PBXFrameworksBuildPhase;
			buildActionMask = 2147483647;
			files = (
			);
			runOnlyForDeploymentPostprocessing = 0;
		};
		A9F63F972CFF1B86005961AF /* Frameworks */ = {
			isa = PBXFrameworksBuildPhase;
			buildActionMask = 2147483647;
			files = (
			);
			runOnlyForDeploymentPostprocessing = 0;
		};
		A9F63FA12CFF1B86005961AF /* Frameworks */ = {
			isa = PBXFrameworksBuildPhase;
			buildActionMask = 2147483647;
			files = (
			);
			runOnlyForDeploymentPostprocessing = 0;
		};
/* End PBXFrameworksBuildPhase section */

/* Begin PBXGroup section */
		A9F63F7B2CFF1B85005961AF = {
			isa = PBXGroup;
			children = (
				A9F63F862CFF1B85005961AF /* ParveenDemo */,
				A9F63F9D2CFF1B86005961AF /* ParveenDemoTests */,
				A9F63FA72CFF1B86005961AF /* ParveenDemoUITests */,
				A9F63F852CFF1B85005961AF /* Products */,
			);
			sourceTree = "<group>";
		};
		A9F63F852CFF1B85005961AF /* Products */ = {
			isa = PBXGroup;
			children = (
				A9F63F842CFF1B85005961AF /* ParveenDemo.app */,
				A9F63F9A2CFF1B86005961AF /* ParveenDemoTests.xctest */,
				A9F63FA42CFF1B86005961AF /* ParveenDemoUITests.xctest */,
			);
			name = Products;
			sourceTree = "<group>";
		};
/* End PBXGroup section */

/* Begin PBXNativeTarget section */
		A9F63F832CFF1B85005961AF /* ParveenDemo */ = {
			isa = PBXNativeTarget;
			buildConfigurationList = A9F63FAD2CFF1B86005961AF /* Build configuration list for PBXNativeTarget "ParveenDemo" */;
			buildPhases = (
				A9F63F802CFF1B85005961AF /* Sources */,
				A9F63F812CFF1B85005961AF /* Frameworks */,
				A9F63F822CFF1B85005961AF /* Resources */,
			);
			buildRules = (
			);
			dependencies = (
			);
			fileSystemSynchronizedGroups = (
				A9F63F862CFF1B85005961AF /* ParveenDemo */,
			);
			name = ParveenDemo;
			packageProductDependencies = (
			);
			productName = ParveenDemo;
			productReference = A9F63F842CFF1B85005961AF /* ParveenDemo.app */;
			productType = "com.apple.product-type.application";
		};
		A9F63F992CFF1B86005961AF /* ParveenDemoTests */ = {
			isa = PBXNativeTarget;
			buildConfigurationList = A9F63FB22CFF1B86005961AF /* Build configuration list for PBXNativeTarget "ParveenDemoTests" */;
			buildPhases = (
				A9F63F962CFF1B86005961AF /* Sources */,
				A9F63F972CFF1B86005961AF /* Frameworks */,
				A9F63F982CFF1B86005961AF /* Resources */,
			);
			buildRules = (
			);
			dependencies = (
				A9F63F9C2CFF1B86005961AF /* PBXTargetDependency */,
			);
			fileSystemSynchronizedGroups = (
				A9F63F9D2CFF1B86005961AF /* ParveenDemoTests */,
			);
			name = ParveenDemoTests;
			packageProductDependencies = (
			);
			productName = ParveenDemoTests;
			productReference = A9F63F9A2CFF1B86005961AF /* ParveenDemoTests.xctest */;
			productType = "com.apple.product-type.bundle.unit-test";
		};
		A9F63FA32CFF1B86005961AF /* ParveenDemoUITests */ = {
			isa = PBXNativeTarget;
			buildConfigurationList = A9F63FB52CFF1B86005961AF /* Build configuration list for PBXNativeTarget "ParveenDemoUITests" */;
			buildPhases = (
				A9F63FA02CFF1B86005961AF /* Sources */,
				A9F63FA12CFF1B86005961AF /* Frameworks */,
				A9F63FA22CFF1B86005961AF /* Resources */,
			);
			buildRules = (
			);
			dependencies = (
				A9F63FA62CFF1B86005961AF /* PBXTargetDependency */,
			);
			fileSystemSynchronizedGroups = (
				A9F63FA72CFF1B86005961AF /* ParveenDemoUITests */,
			);
			name = ParveenDemoUITests;
			packageProductDependencies = (
			);
			productName = ParveenDemoUITests;
			productReference = A9F63FA42CFF1B86005961AF /* ParveenDemoUITests.xctest */;
			productType = "com.apple.product-type.bundle.ui-testing";
		};
/* End PBXNativeTarget section */

/* Begin PBXProject section */
		A9F63F7C2CFF1B85005961AF /* Project object */ = {
			isa = PBXProject;
			attributes = {
				BuildIndependentTargetsInParallel = 1;
				LastSwiftUpdateCheck = 1600;
				LastUpgradeCheck = 1600;
				TargetAttributes = {
					A9F63F832CFF1B85005961AF = {
						CreatedOnToolsVersion = 16.0;
					};
					A9F63F992CFF1B86005961AF = {
						CreatedOnToolsVersion = 16.0;
						TestTargetID = A9F63F832CFF1B85005961AF;
					};
					A9F63FA32CFF1B86005961AF = {
						CreatedOnToolsVersion = 16.0;
						TestTargetID = A9F63F832CFF1B85005961AF;
					};
				};
			};
			buildConfigurationList = A9F63F7F2CFF1B85005961AF /* Build configuration list for PBXProject "ParveenDemo" */;
			developmentRegion = en;
			hasScannedForEncodings = 0;
			knownRegions = (
				en,
				Base,
			);
			mainGroup = A9F63F7B2CFF1B85005961AF;
			minimizedProjectReferenceProxies = 1;
			preferredProjectObjectVersion = 77;
			productRefGroup = A9F63F852CFF1B85005961AF /* Products */;
			projectDirPath = "";
			projectRoot = "";
			targets = (
				A9F63F832CFF1B85005961AF /* ParveenDemo */,
				A9F63F992CFF1B86005961AF /* ParveenDemoTests */,
				A9F63FA32CFF1B86005961AF /* ParveenDemoUITests */,
			);
		};
/* End PBXProject section */

/* Begin PBXResourcesBuildPhase section */
		A9F63F822CFF1B85005961AF /* Resources */ = {
			isa = PBXResourcesBuildPhase;
			buildActionMask = 2147483647;
			files = (
			);
			runOnlyForDeploymentPostprocessing = 0;
		};
		A9F63F982CFF1B86005961AF /* Resources */ = {
			isa = PBXResourcesBuildPhase;
			buildActionMask = 2147483647;
			files = (
			);
			runOnlyForDeploymentPostprocessing = 0;
		};
		A9F63FA22CFF1B86005961AF /* Resources */ = {
			isa = PBXResourcesBuildPhase;
			buildActionMask = 2147483647;
			files = (
			);
			runOnlyForDeploymentPostprocessing = 0;
		};
/* End PBXResourcesBuildPhase section */

/* Begin PBXSourcesBuildPhase section */
		A9F63F802CFF1B85005961AF /* Sources */ = {
			isa = PBXSourcesBuildPhase;
			buildActionMask = 2147483647;
			files = (
			);
			runOnlyForDeploymentPostprocessing = 0;
		};
		A9F63F962CFF1B86005961AF /* Sources */ = {
			isa = PBXSourcesBuildPhase;
			buildActionMask = 2147483647;
			files = (
			);
			runOnlyForDeploymentPostprocessing = 0;
		};
		A9F63FA02CFF1B86005961AF /* Sources */ = {
			isa = PBXSourcesBuildPhase;
			buildActionMask = 2147483647;
			files = (
			);
			runOnlyForDeploymentPostprocessing = 0;
		};
/* End PBXSourcesBuildPhase section */

/* Begin PBXTargetDependency section */
		A9F63F9C2CFF1B86005961AF /* PBXTargetDependency */ = {
			isa = PBXTargetDependency;
			target = A9F63F832CFF1B85005961AF /* ParveenDemo */;
			targetProxy = A9F63F9B2CFF1B86005961AF /* PBXContainerItemProxy */;
		};
		A9F63FA62CFF1B86005961AF /* PBXTargetDependency */ = {
			isa = PBXTargetDependency;
			target = A9F63F832CFF1B85005961AF /* ParveenDemo */;
			targetProxy = A9F63FA52CFF1B86005961AF /* PBXContainerItemProxy */;
		};
/* End PBXTargetDependency section */

/* Begin XCBuildConfiguration section */
		A9F63FAE2CFF1B86005961AF /* Debug */ = {
			isa = XCBuildConfiguration;
			buildSettings = {
				ASSETCATALOG_COMPILER_APPICON_NAME = AppIcon;
				ASSETCATALOG_COMPILER_GLOBAL_ACCENT_COLOR_NAME = AccentColor;
				CODE_SIGN_STYLE = Automatic;
				CURRENT_PROJECT_VERSION = 1;
				DEVELOPMENT_TEAM = NS2W96R9L8;
				GENERATE_INFOPLIST_FILE = YES;
				INFOPLIST_FILE = ParveenDemo/Info.plist;
				INFOPLIST_KEY_UIApplicationSupportsIndirectInputEvents = YES;
				INFOPLIST_KEY_UILaunchStoryboardName = LaunchScreen;
				INFOPLIST_KEY_UIMainStoryboardFile = Main;
				INFOPLIST_KEY_UISupportedInterfaceOrientations_iPad = "UIInterfaceOrientationPortrait UIInterfaceOrientationPortraitUpsideDown UIInterfaceOrientationLandscapeLeft UIInterfaceOrientationLandscapeRight";
				INFOPLIST_KEY_UISupportedInterfaceOrientations_iPhone = "UIInterfaceOrientationPortrait UIInterfaceOrientationLandscapeLeft UIInterfaceOrientationLandscapeRight";
				IPHONEOS_DEPLOYMENT_TARGET = 16.6;
				LD_RUNPATH_SEARCH_PATHS = (
					"$(inherited)",
					"@executable_path/Frameworks",
				);
				MARKETING_VERSION = 1.0;
				PRODUCT_BUNDLE_IDENTIFIER = com.DemoUI.app.ParveenDemo;
				PRODUCT_NAME = "$(TARGET_NAME)";
				SWIFT_EMIT_LOC_STRINGS = YES;
				SWIFT_VERSION = 5.0;
				TARGETED_DEVICE_FAMILY = "1,2";
			};
			name = Debug;
		};
		A9F63FAF2CFF1B86005961AF /* Release */ = {
			isa = XCBuildConfiguration;
			buildSettings = {
				ASSETCATALOG_COMPILER_APPICON_NAME = AppIcon;
				ASSETCATALOG_COMPILER_GLOBAL_ACCENT_COLOR_NAME = AccentColor;
				CODE_SIGN_STYLE = Automatic;
				CURRENT_PROJECT_VERSION = 1;
				DEVELOPMENT_TEAM = NS2W96R9L8;
				GENERATE_INFOPLIST_FILE = YES;
				INFOPLIST_FILE = ParveenDemo/Info.plist;
				INFOPLIST_KEY_UIApplicationSupportsIndirectInputEvents = YES;
				INFOPLIST_KEY_UILaunchStoryboardName = LaunchScreen;
				INFOPLIST_KEY_UIMainStoryboardFile = Main;
				INFOPLIST_KEY_UISupportedInterfaceOrientations_iPad = "UIInterfaceOrientationPortrait UIInterfaceOrientationPortraitUpsideDown UIInterfaceOrientationLandscapeLeft UIInterfaceOrientationLandscapeRight";
				INFOPLIST_KEY_UISupportedInterfaceOrientations_iPhone = "UIInterfaceOrientationPortrait UIInterfaceOrientationLandscapeLeft UIInterfaceOrientationLandscapeRight";
				IPHONEOS_DEPLOYMENT_TARGET = 16.6;
				LD_RUNPATH_SEARCH_PATHS = (
					"$(inherited)",
					"@executable_path/Frameworks",
				);
				MARKETING_VERSION = 1.0;
				PRODUCT_BUNDLE_IDENTIFIER = com.DemoUI.app.ParveenDemo;
				PRODUCT_NAME = "$(TARGET_NAME)";
				SWIFT_EMIT_LOC_STRINGS = YES;
				SWIFT_VERSION = 5.0;
				TARGETED_DEVICE_FAMILY = "1,2";
			};
			name = Release;
		};
		A9F63FB02CFF1B86005961AF /* Debug */ = {
			isa = XCBuildConfiguration;
			buildSettings = {
				ALWAYS_SEARCH_USER_PATHS = NO;
				ASSETCATALOG_COMPILER_GENERATE_SWIFT_ASSET_SYMBOL_EXTENSIONS = YES;
				CLANG_ANALYZER_NONNULL = YES;
				CLANG_ANALYZER_NUMBER_OBJECT_CONVERSION = YES_AGGRESSIVE;
				CLANG_CXX_LANGUAGE_STANDARD = "gnu++20";
				CLANG_ENABLE_MODULES = YES;
				CLANG_ENABLE_OBJC_ARC = YES;
				CLANG_ENABLE_OBJC_WEAK = YES;
				CLANG_WARN_BLOCK_CAPTURE_AUTORELEASING = YES;
				CLANG_WARN_BOOL_CONVERSION = YES;
				CLANG_WARN_COMMA = YES;
				CLANG_WARN_CONSTANT_CONVERSION = YES;
				CLANG_WARN_DEPRECATED_OBJC_IMPLEMENTATIONS = YES;
				CLANG_WARN_DIRECT_OBJC_ISA_USAGE = YES_ERROR;
				CLANG_WARN_DOCUMENTATION_COMMENTS = YES;
				CLANG_WARN_EMPTY_BODY = YES;
				CLANG_WARN_ENUM_CONVERSION = YES;
				CLANG_WARN_INFINITE_RECURSION = YES;
				CLANG_WARN_INT_CONVERSION = YES;
				CLANG_WARN_NON_LITERAL_NULL_CONVERSION = YES;
				CLANG_WARN_OBJC_IMPLICIT_RETAIN_SELF = YES;
				CLANG_WARN_OBJC_LITERAL_CONVERSION = YES;
				CLANG_WARN_OBJC_ROOT_CLASS = YES_ERROR;
				CLANG_WARN_QUOTED_INCLUDE_IN_FRAMEWORK_HEADER = YES;
				CLANG_WARN_RANGE_LOOP_ANALYSIS = YES;
				CLANG_WARN_STRICT_PROTOTYPES = YES;
				CLANG_WARN_SUSPICIOUS_MOVE = YES;
				CLANG_WARN_UNGUARDED_AVAILABILITY = YES_AGGRESSIVE;
				CLANG_WARN_UNREACHABLE_CODE = YES;
				CLANG_WARN__DUPLICATE_METHOD_MATCH = YES;
				COPY_PHASE_STRIP = NO;
				DEBUG_INFORMATION_FORMAT = dwarf;
				ENABLE_STRICT_OBJC_MSGSEND = YES;
				ENABLE_TESTABILITY = YES;
				ENABLE_USER_SCRIPT_SANDBOXING = YES;
				GCC_C_LANGUAGE_STANDARD = gnu17;
				GCC_DYNAMIC_NO_PIC = NO;
				GCC_NO_COMMON_BLOCKS = YES;
				GCC_OPTIMIZATION_LEVEL = 0;
				GCC_PREPROCESSOR_DEFINITIONS = (
					"DEBUG=1",
					"$(inherited)",
				);
				GCC_WARN_64_TO_32_BIT_CONVERSION = YES;
				GCC_WARN_ABOUT_RETURN_TYPE = YES_ERROR;
				GCC_WARN_UNDECLARED_SELECTOR = YES;
				GCC_WARN_UNINITIALIZED_AUTOS = YES_AGGRESSIVE;
				GCC_WARN_UNUSED_FUNCTION = YES;
				GCC_WARN_UNUSED_VARIABLE = YES;
				IPHONEOS_DEPLOYMENT_TARGET = 16.6;
				LOCALIZATION_PREFERS_STRING_CATALOGS = YES;
				MTL_ENABLE_DEBUG_INFO = INCLUDE_SOURCE;
				MTL_FAST_MATH = YES;
				ONLY_ACTIVE_ARCH = YES;
				SDKROOT = iphoneos;
				SWIFT_ACTIVE_COMPILATION_CONDITIONS = "DEBUG $(inherited)";
				SWIFT_OPTIMIZATION_LEVEL = "-Onone";
			};
			name = Debug;
		};
		A9F63FB12CFF1B86005961AF /* Release */ = {
			isa = XCBuildConfiguration;
			buildSettings = {
				ALWAYS_SEARCH_USER_PATHS = NO;
				ASSETCATALOG_COMPILER_GENERATE_SWIFT_ASSET_SYMBOL_EXTENSIONS = YES;
				CLANG_ANALYZER_NONNULL = YES;
				CLANG_ANALYZER_NUMBER_OBJECT_CONVERSION = YES_AGGRESSIVE;
				CLANG_CXX_LANGUAGE_STANDARD = "gnu++20";
				CLANG_ENABLE_MODULES = YES;
				CLANG_ENABLE_OBJC_ARC = YES;
				CLANG_ENABLE_OBJC_WEAK = YES;
				CLANG_WARN_BLOCK_CAPTURE_AUTORELEASING = YES;
				CLANG_WARN_BOOL_CONVERSION = YES;
				CLANG_WARN_COMMA = YES;
				CLANG_WARN_CONSTANT_CONVERSION = YES;
				CLANG_WARN_DEPRECATED_OBJC_IMPLEMENTATIONS = YES;
				CLANG_WARN_DIRECT_OBJC_ISA_USAGE = YES_ERROR;
				CLANG_WARN_DOCUMENTATION_COMMENTS = YES;
				CLANG_WARN_EMPTY_BODY = YES;
				CLANG_WARN_ENUM_CONVERSION = YES;
				CLANG_WARN_INFINITE_RECURSION = YES;
				CLANG_WARN_INT_CONVERSION = YES;
				CLANG_WARN_NON_LITERAL_NULL_CONVERSION = YES;
				CLANG_WARN_OBJC_IMPLICIT_RETAIN_SELF = YES;
				CLANG_WARN_OBJC_LITERAL_CONVERSION = YES;
				CLANG_WARN_OBJC_ROOT_CLASS = YES_ERROR;
				CLANG_WARN_QUOTED_INCLUDE_IN_FRAMEWORK_HEADER = YES;
				CLANG_WARN_RANGE_LOOP_ANALYSIS = YES;
				CLANG_WARN_STRICT_PROTOTYPES = YES;
				CLANG_WARN_SUSPICIOUS_MOVE = YES;
				CLANG_WARN_UNGUARDED_AVAILABILITY = YES_AGGRESSIVE;
				CLANG_WARN_UNREACHABLE_CODE = YES;
				CLANG_WARN__DUPLICATE_METHOD_MATCH = YES;
				COPY_PHASE_STRIP = NO;
				DEBUG_INFORMATION_FORMAT = "dwarf-with-dsym";
				ENABLE_NS_ASSERTIONS = NO;
				ENABLE_STRICT_OBJC_MSGSEND = YES;
				ENABLE_USER_SCRIPT_SANDBOXING = YES;
				GCC_C_LANGUAGE_STANDARD = gnu17;
				GCC_NO_COMMON_BLOCKS = YES;
				GCC_WARN_64_TO_32_BIT_CONVERSION = YES;
				GCC_WARN_ABOUT_RETURN_TYPE = YES_ERROR;
				GCC_WARN_UNDECLARED_SELECTOR = YES;
				GCC_WARN_UNINITIALIZED_AUTOS = YES_AGGRESSIVE;
				GCC_WARN_UNUSED_FUNCTION = YES;
				GCC_WARN_UNUSED_VARIABLE = YES;
				IPHONEOS_DEPLOYMENT_TARGET = 16.6;
				LOCALIZATION_PREFERS_STRING_CATALOGS = YES;
				MTL_ENABLE_DEBUG_INFO = NO;
				MTL_FAST_MATH = YES;
				SDKROOT = iphoneos;
				SWIFT_COMPILATION_MODE = wholemodule;
				VALIDATE_PRODUCT = YES;
			};
			name = Release;
		};
		A9F63FB32CFF1B86005961AF /* Debug */ = {
			isa = XCBuildConfiguration;
			buildSettings = {
				BUNDLE_LOADER = "$(TEST_HOST)";
				CODE_SIGN_STYLE = Automatic;
				CURRENT_PROJECT_VERSION = 1;
				DEVELOPMENT_TEAM = NS2W96R9L8;
				GENERATE_INFOPLIST_FILE = YES;
				IPHONEOS_DEPLOYMENT_TARGET = 18.0;
				MARKETING_VERSION = 1.0;
				PRODUCT_BUNDLE_IDENTIFIER = com.DemoUI.app.ParveenDemoTests;
				PRODUCT_NAME = "$(TARGET_NAME)";
				SWIFT_EMIT_LOC_STRINGS = NO;
				SWIFT_VERSION = 5.0;
				TARGETED_DEVICE_FAMILY = "1,2";
				TEST_HOST = "$(BUILT_PRODUCTS_DIR)/ParveenDemo.app/$(BUNDLE_EXECUTABLE_FOLDER_PATH)/ParveenDemo";
			};
			name = Debug;
		};
		A9F63FB42CFF1B86005961AF /* Release */ = {
			isa = XCBuildConfiguration;
			buildSettings = {
				BUNDLE_LOADER = "$(TEST_HOST)";
				CODE_SIGN_STYLE = Automatic;
				CURRENT_PROJECT_VERSION = 1;
				DEVELOPMENT_TEAM = NS2W96R9L8;
				GENERATE_INFOPLIST_FILE = YES;
				IPHONEOS_DEPLOYMENT_TARGET = 18.0;
				MARKETING_VERSION = 1.0;
				PRODUCT_BUNDLE_IDENTIFIER = com.DemoUI.app.ParveenDemoTests;
				PRODUCT_NAME = "$(TARGET_NAME)";
				SWIFT_EMIT_LOC_STRINGS = NO;
				SWIFT_VERSION = 5.0;
				TARGETED_DEVICE_FAMILY = "1,2";
				TEST_HOST = "$(BUILT_PRODUCTS_DIR)/ParveenDemo.app/$(BUNDLE_EXECUTABLE_FOLDER_PATH)/ParveenDemo";
			};
			name = Release;
		};
		A9F63FB62CFF1B86005961AF /* Debug */ = {
			isa = XCBuildConfiguration;
			buildSettings = {
				CODE_SIGN_STYLE = Automatic;
				CURRENT_PROJECT_VERSION = 1;
				DEVELOPMENT_TEAM = NS2W96R9L8;
				GENERATE_INFOPLIST_FILE = YES;
				MARKETING_VERSION = 1.0;
				PRODUCT_BUNDLE_IDENTIFIER = com.DemoUI.app.ParveenDemoUITests;
				PRODUCT_NAME = "$(TARGET_NAME)";
				SWIFT_EMIT_LOC_STRINGS = NO;
				SWIFT_VERSION = 5.0;
				TARGETED_DEVICE_FAMILY = "1,2";
				TEST_TARGET_NAME = ParveenDemo;
			};
			name = Debug;
		};
		A9F63FB72CFF1B86005961AF /* Release */ = {
			isa = XCBuildConfiguration;
			buildSettings = {
				CODE_SIGN_STYLE = Automatic;
				CURRENT_PROJECT_VERSION = 1;
				DEVELOPMENT_TEAM = NS2W96R9L8;
				GENERATE_INFOPLIST_FILE = YES;
				MARKETING_VERSION = 1.0;
				PRODUCT_BUNDLE_IDENTIFIER = com.DemoUI.app.ParveenDemoUITests;
				PRODUCT_NAME = "$(TARGET_NAME)";
				SWIFT_EMIT_LOC_STRINGS = NO;
				SWIFT_VERSION = 5.0;
				TARGETED_DEVICE_FAMILY = "1,2";
				TEST_TARGET_NAME = ParveenDemo;
			};
			name = Release;
		};
/* End XCBuildConfiguration section */

/* Begin XCConfigurationList section */
		A9F63F7F2CFF1B85005961AF /* Build configuration list for PBXProject "ParveenDemo" */ = {
			isa = XCConfigurationList;
			buildConfigurations = (
				A9F63FB02CFF1B86005961AF /* Debug */,
				A9F63FB12CFF1B86005961AF /* Release */,
			);
			defaultConfigurationIsVisible = 0;
			defaultConfigurationName = Release;
		};
		A9F63FAD2CFF1B86005961AF /* Build configuration list for PBXNativeTarget "ParveenDemo" */ = {
			isa = XCConfigurationList;
			buildConfigurations = (
				A9F63FAE2CFF1B86005961AF /* Debug */,
				A9F63FAF2CFF1B86005961AF /* Release */,
			);
			defaultConfigurationIsVisible = 0;
			defaultConfigurationName = Release;
		};
		A9F63FB22CFF1B86005961AF /* Build configuration list for PBXNativeTarget "ParveenDemoTests" */ = {
			isa = XCConfigurationList;
			buildConfigurations = (
				A9F63FB32CFF1B86005961AF /* Debug */,
				A9F63FB42CFF1B86005961AF /* Release */,
			);
			defaultConfigurationIsVisible = 0;
			defaultConfigurationName = Release;
		};
		A9F63FB52CFF1B86005961AF /* Build configuration list for PBXNativeTarget "ParveenDemoUITests" */ = {
			isa = XCConfigurationList;
			buildConfigurations = (
				A9F63FB62CFF1B86005961AF /* Debug */,
				A9F63FB72CFF1B86005961AF /* Release */,
			);
			defaultConfigurationIsVisible = 0;
			defaultConfigurationName = Release;
		};
/* End XCConfigurationList section */
	};
	rootObject = A9F63F7C2CFF1B85005961AF /* Project object */;
}
